
Microsoft Visual Studio Solution File, Format Version 12.00
# Visual Studio Version 16
VisualStudioVersion = 16.0.31205.134
MinimumVisualStudioVersion = 10.0.40219.1
Project("{FAE04EC0-301F-11D3-BF4B-00C04F79EFBC}") = "PruebaTecnica3", "PruebaTecnica3\PruebaTecnica3.csproj", "{D2D024FE-4D29-41D2-AF2D-EBC607C61C9F}"
EndProject
Global
	GlobalSection(SolutionConfigurationPlatforms) = preSolution
		Debug|Any CPU = Debug|Any CPU
		Release|Any CPU = Release|Any CPU
	EndGlobalSection
	GlobalSection(ProjectConfigurationPlatforms) = postSolution
		{D2D024FE-4D29-41D2-AF2D-EBC607C61C9F}.Debug|Any CPU.ActiveCfg = Debug|Any CPU
		{D2D024FE-4D29-41D2-AF2D-EBC607C61C9F}.Debug|Any CPU.Build.0 = Debug|Any CPU
		{D2D024FE-4D29-41D2-AF2D-EBC607C61C9F}.Release|Any CPU.ActiveCfg = Release|Any CPU
		{D2D024FE-4D29-41D2-AF2D-EBC607C61C9F}.Release|Any CPU.Build.0 = Release|Any CPU
	EndGlobalSection
	GlobalSection(SolutionProperties) = preSolution
		HideSolutionNode = FALSE
	EndGlobalSection
	GlobalSection(ExtensibilityGlobals) = postSolution
		SolutionGuid = {A0AC1740-32DF-4350-BD5A-503D190DA2F9}
	EndGlobalSection
EndGlobal
