
Microsoft Visual Studio Solution File, Format Version 12.00
# Visual Studio Version 16
VisualStudioVersion = 16.0.31112.23
MinimumVisualStudioVersion = 10.0.40219.1
Project("{9A19103F-16F7-4668-BE54-9A1E7A4F7556}") = "ApiWeb", "ApiWeb\ApiWeb.csproj", "{54D1ED6A-A11A-4965-BBCB-583E9EF2EA1A}"
EndProject
Project("{9A19103F-16F7-4668-BE54-9A1E7A4F7556}") = "Bussiness", "Bussiness\Bussiness.csproj", "{2A4872E1-3577-4DCD-ABA5-62AAE8BBD4F7}"
EndProject
Project("{9A19103F-16F7-4668-BE54-9A1E7A4F7556}") = "DataAccess", "DataAccess\DataAccess.csproj", "{EAFEBE55-17C7-4B41-A46E-FF27075C3FEE}"
EndProject
Global
	GlobalSection(SolutionConfigurationPlatforms) = preSolution
		Debug|Any CPU = Debug|Any CPU
		Release|Any CPU = Release|Any CPU
	EndGlobalSection
	GlobalSection(ProjectConfigurationPlatforms) = postSolution
		{54D1ED6A-A11A-4965-BBCB-583E9EF2EA1A}.Debug|Any CPU.ActiveCfg = Debug|Any CPU
		{54D1ED6A-A11A-4965-BBCB-583E9EF2EA1A}.Debug|Any CPU.Build.0 = Debug|Any CPU
		{54D1ED6A-A11A-4965-BBCB-583E9EF2EA1A}.Release|Any CPU.ActiveCfg = Release|Any CPU
		{54D1ED6A-A11A-4965-BBCB-583E9EF2EA1A}.Release|Any CPU.Build.0 = Release|Any CPU
		{2A4872E1-3577-4DCD-ABA5-62AAE8BBD4F7}.Debug|Any CPU.ActiveCfg = Debug|Any CPU
		{2A4872E1-3577-4DCD-ABA5-62AAE8BBD4F7}.Debug|Any CPU.Build.0 = Debug|Any CPU
		{2A4872E1-3577-4DCD-ABA5-62AAE8BBD4F7}.Release|Any CPU.ActiveCfg = Release|Any CPU
		{2A4872E1-3577-4DCD-ABA5-62AAE8BBD4F7}.Release|Any CPU.Build.0 = Release|Any CPU
		{EAFEBE55-17C7-4B41-A46E-FF27075C3FEE}.Debug|Any CPU.ActiveCfg = Debug|Any CPU
		{EAFEBE55-17C7-4B41-A46E-FF27075C3FEE}.Debug|Any CPU.Build.0 = Debug|Any CPU
		{EAFEBE55-17C7-4B41-A46E-FF27075C3FEE}.Release|Any CPU.ActiveCfg = Release|Any CPU
		{EAFEBE55-17C7-4B41-A46E-FF27075C3FEE}.Release|Any CPU.Build.0 = Release|Any CPU
	EndGlobalSection
	GlobalSection(SolutionProperties) = preSolution
		HideSolutionNode = FALSE
	EndGlobalSection
	GlobalSection(ExtensibilityGlobals) = postSolution
		SolutionGuid = {64BAFC61-55C5-4CAE-95CC-03DF6E48CD59}
	EndGlobalSection
EndGlobal
